
Microsoft Visual Studio Solution File, Format Version 12.00
Project("{FAE04EC0-301F-11D3-BF4B-00C04F79EFBC}") = "SDPFileVisitor", "SDPFileVisitor\SDPFileVisitor.csproj", "{A704F056-C206-446B-8C4B-F02251A652DB}"
EndProject
Project("{FAE04EC0-301F-11D3-BF4B-00C04F79EFBC}") = "SDPFileVisitor.Core", "SDPFileVisitor.Core\SDPFileVisitor.Core.csproj", "{1C4D156B-59D6-48FF-B9AC-763EA2897861}"
EndProject
Project("{FAE04EC0-301F-11D3-BF4B-00C04F79EFBC}") = "SDPFileVisitor.Core.Tests", "SDPFileVisitor.Core.Tests\SDPFileVisitor.Core.Tests.csproj", "{1FC696DC-EDBB-4299-816E-8B75E0F9DA10}"
EndProject
Global
	GlobalSection(SolutionConfigurationPlatforms) = preSolution
		Debug|Any CPU = Debug|Any CPU
		Release|Any CPU = Release|Any CPU
	EndGlobalSection
	GlobalSection(ProjectConfigurationPlatforms) = postSolution
		{A704F056-C206-446B-8C4B-F02251A652DB}.Debug|Any CPU.ActiveCfg = Debug|Any CPU
		{A704F056-C206-446B-8C4B-F02251A652DB}.Debug|Any CPU.Build.0 = Debug|Any CPU
		{A704F056-C206-446B-8C4B-F02251A652DB}.Release|Any CPU.ActiveCfg = Release|Any CPU
		{A704F056-C206-446B-8C4B-F02251A652DB}.Release|Any CPU.Build.0 = Release|Any CPU
		{1C4D156B-59D6-48FF-B9AC-763EA2897861}.Debug|Any CPU.ActiveCfg = Debug|Any CPU
		{1C4D156B-59D6-48FF-B9AC-763EA2897861}.Debug|Any CPU.Build.0 = Debug|Any CPU
		{1C4D156B-59D6-48FF-B9AC-763EA2897861}.Release|Any CPU.ActiveCfg = Release|Any CPU
		{1C4D156B-59D6-48FF-B9AC-763EA2897861}.Release|Any CPU.Build.0 = Release|Any CPU
		{1FC696DC-EDBB-4299-816E-8B75E0F9DA10}.Debug|Any CPU.ActiveCfg = Debug|Any CPU
		{1FC696DC-EDBB-4299-816E-8B75E0F9DA10}.Debug|Any CPU.Build.0 = Debug|Any CPU
		{1FC696DC-EDBB-4299-816E-8B75E0F9DA10}.Release|Any CPU.ActiveCfg = Release|Any CPU
		{1FC696DC-EDBB-4299-816E-8B75E0F9DA10}.Release|Any CPU.Build.0 = Release|Any CPU
	EndGlobalSection
EndGlobal
